
Microsoft Visual Studio Solution File, Format Version 12.00
# Visual Studio Version 17
VisualStudioVersion = 17.0.32126.317
MinimumVisualStudioVersion = 10.0.40219.1
Project("{FAE04EC0-301F-11D3-BF4B-00C04F79EFBC}") = "backend", "backend\backend.csproj", "{E6503B14-A161-453C-8FED-5C6B6212E636}"
EndProject
Global
	GlobalSection(SolutionConfigurationPlatforms) = preSolution
		Debug|Any CPU = Debug|Any CPU
		Release|Any CPU = Release|Any CPU
	EndGlobalSection
	GlobalSection(ProjectConfigurationPlatforms) = postSolution
		{E6503B14-A161-453C-8FED-5C6B6212E636}.Debug|Any CPU.ActiveCfg = Debug|Any CPU
		{E6503B14-A161-453C-8FED-5C6B6212E636}.Debug|Any CPU.Build.0 = Debug|Any CPU
		{E6503B14-A161-453C-8FED-5C6B6212E636}.Release|Any CPU.ActiveCfg = Release|Any CPU
		{E6503B14-A161-453C-8FED-5C6B6212E636}.Release|Any CPU.Build.0 = Release|Any CPU
	EndGlobalSection
	GlobalSection(SolutionProperties) = preSolution
		HideSolutionNode = FALSE
	EndGlobalSection
	GlobalSection(ExtensibilityGlobals) = postSolution
		SolutionGuid = {145CB456-1A92-42F7-95CB-3F77653B84C9}
	EndGlobalSection
EndGlobal
